// !$*UTF8*$!
{
	archiveVersion = 1;
	classes = {
	};
	objectVersion = 46;
	objects = {

/* Begin PBXBuildFile section */
		1407B4921FE1121F0028F341 /* ReceivablesPage.m in Sources */ = {isa = PBXBuildFile; fileRef = 1407B4911FE1121F0028F341 /* ReceivablesPage.m */; };
		1407B4951FE112820028F341 /* CustomShowDataView.m in Sources */ = {isa = PBXBuildFile; fileRef = 1407B4941FE112820028F341 /* CustomShowDataView.m */; };
		1418F93C1FDFC87E00D3F754 /* GetPassWord.m in Sources */ = {isa = PBXBuildFile; fileRef = 1418F93B1FDFC87E00D3F754 /* GetPassWord.m */; };
		1424F6661FDE35EE00309E33 /* LoginMain.m in Sources */ = {isa = PBXBuildFile; fileRef = 1424F6651FDE35EE00309E33 /* LoginMain.m */; };
		149A56961FE0B869005AEA1C /* MyPage.m in Sources */ = {isa = PBXBuildFile; fileRef = 149A56951FE0B869005AEA1C /* MyPage.m */; };
		149A56A61FE0B8BB005AEA1C /* News.m in Sources */ = {isa = PBXBuildFile; fileRef = 149A56A51FE0B8BB005AEA1C /* News.m */; };
		149A56AB1FE0B99F005AEA1C /* HomeController.m in Sources */ = {isa = PBXBuildFile; fileRef = 149A56AA1FE0B99F005AEA1C /* HomeController.m */; };
		149E8B321FDE8C660037B996 /* customTextFieldView.m in Sources */ = {isa = PBXBuildFile; fileRef = 149E8B311FDE8C660037B996 /* customTextFieldView.m */; };
		14A0ACE21FDA1D6C0095003F /* main.m in Sources */ = {isa = PBXBuildFile; fileRef = 14A0ACE11FDA1D6C0095003F /* main.m */; };
		14A0ACE51FDA1D6C0095003F /* AppDelegate.m in Sources */ = {isa = PBXBuildFile; fileRef = 14A0ACE41FDA1D6C0095003F /* AppDelegate.m */; };
		14A0ACE81FDA1D6C0095003F /* ViewController.m in Sources */ = {isa = PBXBuildFile; fileRef = 14A0ACE71FDA1D6C0095003F /* ViewController.m */; };
		14A0ACEB1FDA1D6C0095003F /* Main.storyboard in Resources */ = {isa = PBXBuildFile; fileRef = 14A0ACE91FDA1D6C0095003F /* Main.storyboard */; };
		14A0ACED1FDA1D6C0095003F /* images.xcassets in Resources */ = {isa = PBXBuildFile; fileRef = 14A0ACEC1FDA1D6C0095003F /* images.xcassets */; };
		14A0ACF01FDA1D6C0095003F /* LaunchScreen.storyboard in Resources */ = {isa = PBXBuildFile; fileRef = 14A0ACEE1FDA1D6C0095003F /* LaunchScreen.storyboard */; };
		14A0ACFB1FDA1D6D0095003F /* QianDing007Tests.m in Sources */ = {isa = PBXBuildFile; fileRef = 14A0ACFA1FDA1D6D0095003F /* QianDing007Tests.m */; };
		14A0AD061FDA1D6D0095003F /* QianDing007UITests.m in Sources */ = {isa = PBXBuildFile; fileRef = 14A0AD051FDA1D6D0095003F /* QianDing007UITests.m */; };
		14D836BF1FE76AC6006ECD45 /* CustomNewsCell.m in Sources */ = {isa = PBXBuildFile; fileRef = 14D836BE1FE76AC6006ECD45 /* CustomNewsCell.m */; };
		14D836C61FE79EC8006ECD45 /* RegisterController.m in Sources */ = {isa = PBXBuildFile; fileRef = 14D836C51FE79EC8006ECD45 /* RegisterController.m */; };
		14D836CC1FE7A3FC006ECD45 /* CustomTextView.m in Sources */ = {isa = PBXBuildFile; fileRef = 14D836CB1FE7A3FC006ECD45 /* CustomTextView.m */; };
		14D836CF1FE7A939006ECD45 /* CustomGetCode.m in Sources */ = {isa = PBXBuildFile; fileRef = 14D836CE1FE7A939006ECD45 /* CustomGetCode.m */; };
		14D836D31FE7C313006ECD45 /* MoreOrderController.m in Sources */ = {isa = PBXBuildFile; fileRef = 14D836D21FE7C313006ECD45 /* MoreOrderController.m */; };
		14D836D61FE7C652006ECD45 /* FrontViewController.m in Sources */ = {isa = PBXBuildFile; fileRef = 14D836D51FE7C652006ECD45 /* FrontViewController.m */; };
		14D836D91FE7C664006ECD45 /* MiddleViewController.m in Sources */ = {isa = PBXBuildFile; fileRef = 14D836D81FE7C664006ECD45 /* MiddleViewController.m */; };
		14D836DC1FE7C68E006ECD45 /* ThirdViewController.m in Sources */ = {isa = PBXBuildFile; fileRef = 14D836DB1FE7C68E006ECD45 /* ThirdViewController.m */; };
		14D836E21FE7DB61006ECD45 /* ForntTabelCell.m in Sources */ = {isa = PBXBuildFile; fileRef = 14D836E11FE7DB61006ECD45 /* ForntTabelCell.m */; };
		14E6CA6E1FE511BE00D55DEE /* CustomLabelView.m in Sources */ = {isa = PBXBuildFile; fileRef = 14E6CA6D1FE511BE00D55DEE /* CustomLabelView.m */; };
		F05BE45C5E375CE5D2CF6283 /* libPods-QianDing007.a in Frameworks */ = {isa = PBXBuildFile; fileRef = 697391937D9A45F48C0C43E3 /* libPods-QianDing007.a */; };
/* End PBXBuildFile section */

/* Begin PBXContainerItemProxy section */
		14A0ACF71FDA1D6D0095003F /* PBXContainerItemProxy */ = {
			isa = PBXContainerItemProxy;
			containerPortal = 14A0ACD51FDA1D6C0095003F /* Project object */;
			proxyType = 1;
			remoteGlobalIDString = 14A0ACDC1FDA1D6C0095003F;
			remoteInfo = QianDing007;
		};
		14A0AD021FDA1D6D0095003F /* PBXContainerItemProxy */ = {
			isa = PBXContainerItemProxy;
			containerPortal = 14A0ACD51FDA1D6C0095003F /* Project object */;
			proxyType = 1;
			remoteGlobalIDString = 14A0ACDC1FDA1D6C0095003F;
			remoteInfo = QianDing007;
		};
/* End PBXContainerItemProxy section */

/* Begin PBXFileReference section */
		1407B4901FE1121F0028F341 /* ReceivablesPage.h */ = {isa = PBXFileReference; fileEncoding = 4; lastKnownFileType = sourcecode.c.h; name = ReceivablesPage.h; path = "QianDing007/QDClass/QDMain(首页)/QDReceivablesPage(收款)/Controller/ReceivablesPage.h"; sourceTree = "<group>"; };
		1407B4911FE1121F0028F341 /* ReceivablesPage.m */ = {isa = PBXFileReference; fileEncoding = 4; lastKnownFileType = sourcecode.c.objc; name = ReceivablesPage.m; path = "QianDing007/QDClass/QDMain(首页)/QDReceivablesPage(收款)/Controller/ReceivablesPage.m"; sourceTree = "<group>"; };
		1407B4931FE112820028F341 /* CustomShowDataView.h */ = {isa = PBXFileReference; fileEncoding = 4; lastKnownFileType = sourcecode.c.h; path = CustomShowDataView.h; sourceTree = "<group>"; };
		1407B4941FE112820028F341 /* CustomShowDataView.m */ = {isa = PBXFileReference; fileEncoding = 4; lastKnownFileType = sourcecode.c.objc; path = CustomShowDataView.m; sourceTree = "<group>"; };
		1418F93A1FDFC87E00D3F754 /* GetPassWord.h */ = {isa = PBXFileReference; fileEncoding = 4; lastKnownFileType = sourcecode.c.h; name = GetPassWord.h; path = "QianDing007/QDClass/QDLoginPage(登录)/QDGetPassWord(获取密码)/GetPassWord.h"; sourceTree = "<group>"; };
		1418F93B1FDFC87E00D3F754 /* GetPassWord.m */ = {isa = PBXFileReference; fileEncoding = 4; lastKnownFileType = sourcecode.c.objc; name = GetPassWord.m; path = "QianDing007/QDClass/QDLoginPage(登录)/QDGetPassWord(获取密码)/GetPassWord.m"; sourceTree = "<group>"; };
		1424F6511FDE2CA000309E33 /* QDFirstBloodpch.pch */ = {isa = PBXFileReference; lastKnownFileType = sourcecode.c.h; path = QDFirstBloodpch.pch; sourceTree = "<group>"; };
		1424F6641FDE35EE00309E33 /* LoginMain.h */ = {isa = PBXFileReference; fileEncoding = 4; lastKnownFileType = sourcecode.c.h; name = LoginMain.h; path = "QianDing007/QDClass/QDLoginPage(登录)/QDLoginMain(登录首页)/Controller/LoginMain.h"; sourceTree = "<group>"; };
		1424F6651FDE35EE00309E33 /* LoginMain.m */ = {isa = PBXFileReference; fileEncoding = 4; lastKnownFileType = sourcecode.c.objc; name = LoginMain.m; path = "QianDing007/QDClass/QDLoginPage(登录)/QDLoginMain(登录首页)/Controller/LoginMain.m"; sourceTree = "<group>"; };
		149A56941FE0B869005AEA1C /* MyPage.h */ = {isa = PBXFileReference; fileEncoding = 4; lastKnownFileType = sourcecode.c.h; name = MyPage.h; path = "QianDing007/QDClass/QDMain(首页)/QDMyPage(我的)/MyPage.h"; sourceTree = "<group>"; };
		149A56951FE0B869005AEA1C /* MyPage.m */ = {isa = PBXFileReference; fileEncoding = 4; lastKnownFileType = sourcecode.c.objc; name = MyPage.m; path = "QianDing007/QDClass/QDMain(首页)/QDMyPage(我的)/MyPage.m"; sourceTree = "<group>"; };
		149A56A41FE0B8BB005AEA1C /* News.h */ = {isa = PBXFileReference; fileEncoding = 4; lastKnownFileType = sourcecode.c.h; name = News.h; path = "QianDing007/QDClass/QDMain(首页)/QDNews(消息)/News.h"; sourceTree = "<group>"; };
		149A56A51FE0B8BB005AEA1C /* News.m */ = {isa = PBXFileReference; fileEncoding = 4; lastKnownFileType = sourcecode.c.objc; name = News.m; path = "QianDing007/QDClass/QDMain(首页)/QDNews(消息)/News.m"; sourceTree = "<group>"; };
		149A56A91FE0B99F005AEA1C /* HomeController.h */ = {isa = PBXFileReference; fileEncoding = 4; lastKnownFileType = sourcecode.c.h; name = HomeController.h; path = "QianDing007/QDClass/QDMain(首页)/QDHomeController(主页)/HomeController.h"; sourceTree = "<group>"; };
		149A56AA1FE0B99F005AEA1C /* HomeController.m */ = {isa = PBXFileReference; fileEncoding = 4; lastKnownFileType = sourcecode.c.objc; name = HomeController.m; path = "QianDing007/QDClass/QDMain(首页)/QDHomeController(主页)/HomeController.m"; sourceTree = "<group>"; };
		149E8B301FDE8C660037B996 /* customTextFieldView.h */ = {isa = PBXFileReference; fileEncoding = 4; lastKnownFileType = sourcecode.c.h; path = customTextFieldView.h; sourceTree = "<group>"; };
		149E8B311FDE8C660037B996 /* customTextFieldView.m */ = {isa = PBXFileReference; fileEncoding = 4; lastKnownFileType = sourcecode.c.objc; path = customTextFieldView.m; sourceTree = "<group>"; };
		14A0ACDD1FDA1D6C0095003F /* QianDing007.app */ = {isa = PBXFileReference; explicitFileType = wrapper.application; includeInIndex = 0; path = QianDing007.app; sourceTree = BUILT_PRODUCTS_DIR; };
		14A0ACE11FDA1D6C0095003F /* main.m */ = {isa = PBXFileReference; lastKnownFileType = sourcecode.c.objc; path = main.m; sourceTree = "<group>"; };
		14A0ACE31FDA1D6C0095003F /* AppDelegate.h */ = {isa = PBXFileReference; lastKnownFileType = sourcecode.c.h; path = AppDelegate.h; sourceTree = "<group>"; };
		14A0ACE41FDA1D6C0095003F /* AppDelegate.m */ = {isa = PBXFileReference; lastKnownFileType = sourcecode.c.objc; path = AppDelegate.m; sourceTree = "<group>"; };
		14A0ACE61FDA1D6C0095003F /* ViewController.h */ = {isa = PBXFileReference; lastKnownFileType = sourcecode.c.h; path = ViewController.h; sourceTree = "<group>"; };
		14A0ACE71FDA1D6C0095003F /* ViewController.m */ = {isa = PBXFileReference; lastKnownFileType = sourcecode.c.objc; path = ViewController.m; sourceTree = "<group>"; };
		14A0ACEA1FDA1D6C0095003F /* Base */ = {isa = PBXFileReference; lastKnownFileType = file.storyboard; name = Base; path = Base.lproj/Main.storyboard; sourceTree = "<group>"; };
		14A0ACEC1FDA1D6C0095003F /* images.xcassets */ = {isa = PBXFileReference; lastKnownFileType = folder.assetcatalog; path = images.xcassets; sourceTree = "<group>"; };
		14A0ACEF1FDA1D6C0095003F /* Base */ = {isa = PBXFileReference; lastKnownFileType = file.storyboard; name = Base; path = Base.lproj/LaunchScreen.storyboard; sourceTree = "<group>"; };
		14A0ACF11FDA1D6C0095003F /* Info.plist */ = {isa = PBXFileReference; lastKnownFileType = text.plist.xml; path = Info.plist; sourceTree = "<group>"; };
		14A0ACF61FDA1D6D0095003F /* QianDing007Tests.xctest */ = {isa = PBXFileReference; explicitFileType = wrapper.cfbundle; includeInIndex = 0; path = QianDing007Tests.xctest; sourceTree = BUILT_PRODUCTS_DIR; };
		14A0ACFA1FDA1D6D0095003F /* QianDing007Tests.m */ = {isa = PBXFileReference; lastKnownFileType = sourcecode.c.objc; path = QianDing007Tests.m; sourceTree = "<group>"; };
		14A0ACFC1FDA1D6D0095003F /* Info.plist */ = {isa = PBXFileReference; lastKnownFileType = text.plist.xml; path = Info.plist; sourceTree = "<group>"; };
		14A0AD011FDA1D6D0095003F /* QianDing007UITests.xctest */ = {isa = PBXFileReference; explicitFileType = wrapper.cfbundle; includeInIndex = 0; path = QianDing007UITests.xctest; sourceTree = BUILT_PRODUCTS_DIR; };
		14A0AD051FDA1D6D0095003F /* QianDing007UITests.m */ = {isa = PBXFileReference; lastKnownFileType = sourcecode.c.objc; path = QianDing007UITests.m; sourceTree = "<group>"; };
		14A0AD071FDA1D6D0095003F /* Info.plist */ = {isa = PBXFileReference; lastKnownFileType = text.plist.xml; path = Info.plist; sourceTree = "<group>"; };
		14D836BD1FE76AC6006ECD45 /* CustomNewsCell.h */ = {isa = PBXFileReference; fileEncoding = 4; lastKnownFileType = sourcecode.c.h; path = CustomNewsCell.h; sourceTree = "<group>"; };
		14D836BE1FE76AC6006ECD45 /* CustomNewsCell.m */ = {isa = PBXFileReference; fileEncoding = 4; lastKnownFileType = sourcecode.c.objc; path = CustomNewsCell.m; sourceTree = "<group>"; };
		14D836C41FE79EC8006ECD45 /* RegisterController.h */ = {isa = PBXFileReference; fileEncoding = 4; lastKnownFileType = sourcecode.c.h; name = RegisterController.h; path = "QianDing007/QDClass/QDLoginPage(登录)/QDRegister(注册)/RegisterController.h"; sourceTree = "<group>"; };
		14D836C51FE79EC8006ECD45 /* RegisterController.m */ = {isa = PBXFileReference; fileEncoding = 4; lastKnownFileType = sourcecode.c.objc; name = RegisterController.m; path = "QianDing007/QDClass/QDLoginPage(登录)/QDRegister(注册)/RegisterController.m"; sourceTree = "<group>"; };
		14D836CA1FE7A3FC006ECD45 /* CustomTextView.h */ = {isa = PBXFileReference; fileEncoding = 4; lastKnownFileType = sourcecode.c.h; path = CustomTextView.h; sourceTree = "<group>"; };
		14D836CB1FE7A3FC006ECD45 /* CustomTextView.m */ = {isa = PBXFileReference; fileEncoding = 4; lastKnownFileType = sourcecode.c.objc; path = CustomTextView.m; sourceTree = "<group>"; };
		14D836CD1FE7A939006ECD45 /* CustomGetCode.h */ = {isa = PBXFileReference; fileEncoding = 4; lastKnownFileType = sourcecode.c.h; path = CustomGetCode.h; sourceTree = "<group>"; };
		14D836CE1FE7A939006ECD45 /* CustomGetCode.m */ = {isa = PBXFileReference; fileEncoding = 4; lastKnownFileType = sourcecode.c.objc; path = CustomGetCode.m; sourceTree = "<group>"; };
		14D836D11FE7C313006ECD45 /* MoreOrderController.h */ = {isa = PBXFileReference; fileEncoding = 4; lastKnownFileType = sourcecode.c.h; path = MoreOrderController.h; sourceTree = "<group>"; };
		14D836D21FE7C313006ECD45 /* MoreOrderController.m */ = {isa = PBXFileReference; fileEncoding = 4; lastKnownFileType = sourcecode.c.objc; path = MoreOrderController.m; sourceTree = "<group>"; };
		14D836D41FE7C652006ECD45 /* FrontViewController.h */ = {isa = PBXFileReference; fileEncoding = 4; lastKnownFileType = sourcecode.c.h; path = FrontViewController.h; sourceTree = "<group>"; };
		14D836D51FE7C652006ECD45 /* FrontViewController.m */ = {isa = PBXFileReference; fileEncoding = 4; lastKnownFileType = sourcecode.c.objc; path = FrontViewController.m; sourceTree = "<group>"; };
		14D836D71FE7C664006ECD45 /* MiddleViewController.h */ = {isa = PBXFileReference; fileEncoding = 4; lastKnownFileType = sourcecode.c.h; path = MiddleViewController.h; sourceTree = "<group>"; };
		14D836D81FE7C664006ECD45 /* MiddleViewController.m */ = {isa = PBXFileReference; fileEncoding = 4; lastKnownFileType = sourcecode.c.objc; path = MiddleViewController.m; sourceTree = "<group>"; };
		14D836DA1FE7C68E006ECD45 /* ThirdViewController.h */ = {isa = PBXFileReference; fileEncoding = 4; lastKnownFileType = sourcecode.c.h; path = ThirdViewController.h; sourceTree = "<group>"; };
		14D836DB1FE7C68E006ECD45 /* ThirdViewController.m */ = {isa = PBXFileReference; fileEncoding = 4; lastKnownFileType = sourcecode.c.objc; path = ThirdViewController.m; sourceTree = "<group>"; };
		14D836E01FE7DB61006ECD45 /* ForntTabelCell.h */ = {isa = PBXFileReference; fileEncoding = 4; lastKnownFileType = sourcecode.c.h; path = ForntTabelCell.h; sourceTree = "<group>"; };
		14D836E11FE7DB61006ECD45 /* ForntTabelCell.m */ = {isa = PBXFileReference; fileEncoding = 4; lastKnownFileType = sourcecode.c.objc; path = ForntTabelCell.m; sourceTree = "<group>"; };
		14E6CA6C1FE511BE00D55DEE /* CustomLabelView.h */ = {isa = PBXFileReference; fileEncoding = 4; lastKnownFileType = sourcecode.c.h; path = CustomLabelView.h; sourceTree = "<group>"; };
		14E6CA6D1FE511BE00D55DEE /* CustomLabelView.m */ = {isa = PBXFileReference; fileEncoding = 4; lastKnownFileType = sourcecode.c.objc; path = CustomLabelView.m; sourceTree = "<group>"; };
		5BBBFBDE65AFC5AE26C8F2BB /* Pods-QianDing007.debug.xcconfig */ = {isa = PBXFileReference; includeInIndex = 1; lastKnownFileType = text.xcconfig; name = "Pods-QianDing007.debug.xcconfig"; path = "Pods/Target Support Files/Pods-QianDing007/Pods-QianDing007.debug.xcconfig"; sourceTree = "<group>"; };
		697391937D9A45F48C0C43E3 /* libPods-QianDing007.a */ = {isa = PBXFileReference; explicitFileType = archive.ar; includeInIndex = 0; path = "libPods-QianDing007.a"; sourceTree = BUILT_PRODUCTS_DIR; };
		B81C44ABD2E0C75D48E7F0E1 /* Pods-QianDing007.release.xcconfig */ = {isa = PBXFileReference; includeInIndex = 1; lastKnownFileType = text.xcconfig; name = "Pods-QianDing007.release.xcconfig"; path = "Pods/Target Support Files/Pods-QianDing007/Pods-QianDing007.release.xcconfig"; sourceTree = "<group>"; };
/* End PBXFileReference section */

/* Begin PBXFrameworksBuildPhase section */
		14A0ACDA1FDA1D6C0095003F /* Frameworks */ = {
			isa = PBXFrameworksBuildPhase;
			buildActionMask = 2147483647;
			files = (
				F05BE45C5E375CE5D2CF6283 /* libPods-QianDing007.a in Frameworks */,
			);
			runOnlyForDeploymentPostprocessing = 0;
		};
		14A0ACF31FDA1D6D0095003F /* Frameworks */ = {
			isa = PBXFrameworksBuildPhase;
			buildActionMask = 2147483647;
			files = (
			);
			runOnlyForDeploymentPostprocessing = 0;
		};
		14A0ACFE1FDA1D6D0095003F /* Frameworks */ = {
			isa = PBXFrameworksBuildPhase;
			buildActionMask = 2147483647;
			files = (
			);
			runOnlyForDeploymentPostprocessing = 0;
		};
/* End PBXFrameworksBuildPhase section */

/* Begin PBXGroup section */
		1407B48D1FE111E50028F341 /* Controller */ = {
			isa = PBXGroup;
			children = (
				14D836D01FE7C2A2006ECD45 /* MoreOrderController */,
			);
			name = Controller;
			path = "QianDing007/QDClass/QDMain(首页)/QDReceivablesPage(收款)/Controller";
			sourceTree = "<group>";
		};
		1407B48E1FE111E50028F341 /* Model */ = {
			isa = PBXGroup;
			children = (
			);
			name = Model;
			path = "QianDing007/QDClass/QDMain(首页)/QDReceivablesPage(收款)/Model";
			sourceTree = "<group>";
		};
		1407B48F1FE111E50028F341 /* View */ = {
			isa = PBXGroup;
			children = (
				1407B4931FE112820028F341 /* CustomShowDataView.h */,
				1407B4941FE112820028F341 /* CustomShowDataView.m */,
				14D836E01FE7DB61006ECD45 /* ForntTabelCell.h */,
				14D836E11FE7DB61006ECD45 /* ForntTabelCell.m */,
			);
			name = View;
			path = "QianDing007/QDClass/QDMain(首页)/QDReceivablesPage(收款)/View";
			sourceTree = "<group>";
		};
		1418F93E1FDFD79800D3F754 /* QDNews（消息） */ = {
			isa = PBXGroup;
			children = (
				14D836BA1FE749D1006ECD45 /* Controller */,
				14D836BB1FE749D1006ECD45 /* Model */,
				14D836BC1FE749D1006ECD45 /* View */,
				149A56A41FE0B8BB005AEA1C /* News.h */,
				149A56A51FE0B8BB005AEA1C /* News.m */,
			);
			name = "QDNews（消息）";
			sourceTree = "<group>";
		};
		1424F6611FDE319700309E33 /* Controller */ = {
			isa = PBXGroup;
			children = (
			);
			name = Controller;
			path = "QianDing007/QDClass/QDLoginPage(登录)/QDLoginMain(登录首页)/Controller";
			sourceTree = "<group>";
		};
		1424F6621FDE319700309E33 /* Model */ = {
			isa = PBXGroup;
			children = (
			);
			name = Model;
			path = "QianDing007/QDClass/QDLoginPage(登录)/QDLoginMain(登录首页)/Model";
			sourceTree = "<group>";
		};
		1424F6631FDE319700309E33 /* View */ = {
			isa = PBXGroup;
			children = (
				149E8B301FDE8C660037B996 /* customTextFieldView.h */,
				149E8B311FDE8C660037B996 /* customTextFieldView.m */,
			);
			name = View;
			path = "QianDing007/QDClass/QDLoginPage(登录)/QDLoginMain(登录首页)/View";
			sourceTree = "<group>";
		};
		149A56901FE0B71A005AEA1C /* QDMain(首页) */ = {
			isa = PBXGroup;
			children = (
				149A56A71FE0B917005AEA1C /* QDHomeController(主页) */,
				14B4A8191FDE10C100B5183C /* QDReceivablesPage(收款) */,
				14B4A81A1FDE113F00B5183C /* QDMyPage(我的) */,
				1418F93E1FDFD79800D3F754 /* QDNews（消息） */,
			);
			name = "QDMain(首页)";
			sourceTree = "<group>";
		};
		149A56A71FE0B917005AEA1C /* QDHomeController(主页) */ = {
			isa = PBXGroup;
			children = (
				149A56A91FE0B99F005AEA1C /* HomeController.h */,
				149A56AA1FE0B99F005AEA1C /* HomeController.m */,
			);
			name = "QDHomeController(主页)";
			sourceTree = "<group>";
		};
		14A0ACD41FDA1D6C0095003F = {
			isa = PBXGroup;
			children = (
				14B4A8171FDE100600B5183C /* QDClass */,
				14A0ACDF1FDA1D6C0095003F /* QianDing007 */,
				14A0ACF91FDA1D6D0095003F /* QianDing007Tests */,
				14A0AD041FDA1D6D0095003F /* QianDing007UITests */,
				14A0ACDE1FDA1D6C0095003F /* Products */,
				ACA800DADD83B958E1D91658 /* Pods */,
				7EA40306F99091D35277AFE5 /* Frameworks */,
			);
			sourceTree = "<group>";
		};
		14A0ACDE1FDA1D6C0095003F /* Products */ = {
			isa = PBXGroup;
			children = (
				14A0ACDD1FDA1D6C0095003F /* QianDing007.app */,
				14A0ACF61FDA1D6D0095003F /* QianDing007Tests.xctest */,
				14A0AD011FDA1D6D0095003F /* QianDing007UITests.xctest */,
			);
			name = Products;
			sourceTree = "<group>";
		};
		14A0ACDF1FDA1D6C0095003F /* QianDing007 */ = {
			isa = PBXGroup;
			children = (
				14A0ACE31FDA1D6C0095003F /* AppDelegate.h */,
				14A0ACE41FDA1D6C0095003F /* AppDelegate.m */,
				14A0ACE61FDA1D6C0095003F /* ViewController.h */,
				14A0ACE71FDA1D6C0095003F /* ViewController.m */,
				14A0ACE91FDA1D6C0095003F /* Main.storyboard */,
				14A0ACEC1FDA1D6C0095003F /* images.xcassets */,
				14A0ACEE1FDA1D6C0095003F /* LaunchScreen.storyboard */,
				14A0ACF11FDA1D6C0095003F /* Info.plist */,
				14A0ACE01FDA1D6C0095003F /* Supporting Files */,
			);
			path = QianDing007;
			sourceTree = "<group>";
		};
		14A0ACE01FDA1D6C0095003F /* Supporting Files */ = {
			isa = PBXGroup;
			children = (
				14A0ACE11FDA1D6C0095003F /* main.m */,
				1424F6511FDE2CA000309E33 /* QDFirstBloodpch.pch */,
			);
			name = "Supporting Files";
			sourceTree = "<group>";
		};
		14A0ACF91FDA1D6D0095003F /* QianDing007Tests */ = {
			isa = PBXGroup;
			children = (
				14A0ACFA1FDA1D6D0095003F /* QianDing007Tests.m */,
				14A0ACFC1FDA1D6D0095003F /* Info.plist */,
			);
			path = QianDing007Tests;
			sourceTree = "<group>";
		};
		14A0AD041FDA1D6D0095003F /* QianDing007UITests */ = {
			isa = PBXGroup;
			children = (
				14A0AD051FDA1D6D0095003F /* QianDing007UITests.m */,
				14A0AD071FDA1D6D0095003F /* Info.plist */,
			);
			path = QianDing007UITests;
			sourceTree = "<group>";
		};
		14B4A8171FDE100600B5183C /* QDClass */ = {
			isa = PBXGroup;
			children = (
				14B4A8181FDE102100B5183C /* QDLoginPage(登录) */,
				149A56901FE0B71A005AEA1C /* QDMain(首页) */,
			);
			name = QDClass;
			sourceTree = "<group>";
		};
		14B4A8181FDE102100B5183C /* QDLoginPage(登录) */ = {
			isa = PBXGroup;
			children = (
				14B4A81E1FDE1E2200B5183C /* QDLoginMain(首页) */,
				14B4A81D1FDE15DD00B5183C /* QDGetPassWord(获取密码) */,
				14B4A81C1FDE15D900B5183C /* QDQuickLogin(三方登录)  */,
				14B4A81B1FDE15D100B5183C /* QDRegister(注册) */,
			);
			name = "QDLoginPage(登录)";
			sourceTree = "<group>";
		};
		14B4A8191FDE10C100B5183C /* QDReceivablesPage(收款) */ = {
			isa = PBXGroup;
			children = (
				1407B48F1FE111E50028F341 /* View */,
				1407B48E1FE111E50028F341 /* Model */,
				1407B48D1FE111E50028F341 /* Controller */,
				1407B4901FE1121F0028F341 /* ReceivablesPage.h */,
				1407B4911FE1121F0028F341 /* ReceivablesPage.m */,
			);
			name = "QDReceivablesPage(收款)";
			sourceTree = "<group>";
		};
		14B4A81A1FDE113F00B5183C /* QDMyPage(我的) */ = {
			isa = PBXGroup;
			children = (
				14E6CA691FE5119000D55DEE /* Controller */,
				14E6CA6A1FE5119000D55DEE /* Model */,
				14E6CA6B1FE5119000D55DEE /* View */,
				149A56941FE0B869005AEA1C /* MyPage.h */,
				149A56951FE0B869005AEA1C /* MyPage.m */,
			);
			name = "QDMyPage(我的)";
			sourceTree = "<group>";
		};
		14B4A81B1FDE15D100B5183C /* QDRegister(注册) */ = {
			isa = PBXGroup;
			children = (
				14D836C71FE79ED9006ECD45 /* Controller */,
				14D836C81FE79ED9006ECD45 /* Model */,
				14D836C91FE79ED9006ECD45 /* View */,
				14D836C41FE79EC8006ECD45 /* RegisterController.h */,
				14D836C51FE79EC8006ECD45 /* RegisterController.m */,
			);
			name = "QDRegister(注册)";
			sourceTree = "<group>";
		};
		14B4A81C1FDE15D900B5183C /* QDQuickLogin(三方登录)  */ = {
			isa = PBXGroup;
			children = (
			);
			name = "QDQuickLogin(三方登录) ";
			sourceTree = "<group>";
		};
		14B4A81D1FDE15DD00B5183C /* QDGetPassWord(获取密码) */ = {
			isa = PBXGroup;
			children = (
				14D836C01FE79D7C006ECD45 /* Controller */,
				14D836C11FE79D7C006ECD45 /* Model */,
				14D836C21FE79D7C006ECD45 /* View */,
				1418F93A1FDFC87E00D3F754 /* GetPassWord.h */,
				1418F93B1FDFC87E00D3F754 /* GetPassWord.m */,
			);
			name = "QDGetPassWord(获取密码)";
			sourceTree = "<group>";
		};
		14B4A81E1FDE1E2200B5183C /* QDLoginMain(首页) */ = {
			isa = PBXGroup;
			children = (
				1424F6631FDE319700309E33 /* View */,
				1424F6621FDE319700309E33 /* Model */,
				1424F6611FDE319700309E33 /* Controller */,
				1424F6641FDE35EE00309E33 /* LoginMain.h */,
				1424F6651FDE35EE00309E33 /* LoginMain.m */,
			);
			name = "QDLoginMain(首页)";
			sourceTree = "<group>";
		};
		14D836BA1FE749D1006ECD45 /* Controller */ = {
			isa = PBXGroup;
			children = (
			);
			name = Controller;
			path = "QianDing007/QDClass/QDMain(首页)/QDNews(消息)/Controller";
			sourceTree = "<group>";
		};
		14D836BB1FE749D1006ECD45 /* Model */ = {
			isa = PBXGroup;
			children = (
			);
			name = Model;
			path = "QianDing007/QDClass/QDMain(首页)/QDNews(消息)/Model";
			sourceTree = "<group>";
		};
		14D836BC1FE749D1006ECD45 /* View */ = {
			isa = PBXGroup;
			children = (
				14D836BD1FE76AC6006ECD45 /* CustomNewsCell.h */,
				14D836BE1FE76AC6006ECD45 /* CustomNewsCell.m */,
			);
			name = View;
			path = "QianDing007/QDClass/QDMain(首页)/QDNews(消息)/View";
			sourceTree = "<group>";
		};
		14D836C01FE79D7C006ECD45 /* Controller */ = {
			isa = PBXGroup;
			children = (
			);
			name = Controller;
			path = "QianDing007/QDClass/QDLoginPage(登录)/QDGetPassWord(获取密码)/Controller";
			sourceTree = "<group>";
		};
		14D836C11FE79D7C006ECD45 /* Model */ = {
			isa = PBXGroup;
			children = (
			);
			name = Model;
			path = "QianDing007/QDClass/QDLoginPage(登录)/QDGetPassWord(获取密码)/Model";
			sourceTree = "<group>";
		};
		14D836C21FE79D7C006ECD45 /* View */ = {
			isa = PBXGroup;
			children = (
				14D836CA1FE7A3FC006ECD45 /* CustomTextView.h */,
				14D836CB1FE7A3FC006ECD45 /* CustomTextView.m */,
				14D836CD1FE7A939006ECD45 /* CustomGetCode.h */,
				14D836CE1FE7A939006ECD45 /* CustomGetCode.m */,
			);
			name = View;
			path = "QianDing007/QDClass/QDLoginPage(登录)/QDGetPassWord(获取密码)/View";
			sourceTree = "<group>";
		};
		14D836C71FE79ED9006ECD45 /* Controller */ = {
			isa = PBXGroup;
			children = (
			);
			name = Controller;
			path = "QianDing007/QDClass/QDLoginPage(登录)/QDRegister(注册)/Controller";
			sourceTree = "<group>";
		};
		14D836C81FE79ED9006ECD45 /* Model */ = {
			isa = PBXGroup;
			children = (
			);
			name = Model;
			path = "QianDing007/QDClass/QDLoginPage(登录)/QDRegister(注册)/Model";
			sourceTree = "<group>";
		};
		14D836C91FE79ED9006ECD45 /* View */ = {
			isa = PBXGroup;
			children = (
			);
			name = View;
			path = "QianDing007/QDClass/QDLoginPage(登录)/QDRegister(注册)/View";
			sourceTree = "<group>";
		};
		14D836D01FE7C2A2006ECD45 /* MoreOrderController */ = {
			isa = PBXGroup;
			children = (
				14D836D11FE7C313006ECD45 /* MoreOrderController.h */,
				14D836D21FE7C313006ECD45 /* MoreOrderController.m */,
				14D836D41FE7C652006ECD45 /* FrontViewController.h */,
				14D836D51FE7C652006ECD45 /* FrontViewController.m */,
				14D836D71FE7C664006ECD45 /* MiddleViewController.h */,
				14D836D81FE7C664006ECD45 /* MiddleViewController.m */,
				14D836DA1FE7C68E006ECD45 /* ThirdViewController.h */,
				14D836DB1FE7C68E006ECD45 /* ThirdViewController.m */,
			);
			name = MoreOrderController;
			sourceTree = "<group>";
		};
		14E6CA691FE5119000D55DEE /* Controller */ = {
			isa = PBXGroup;
			children = (
			);
			name = Controller;
			path = "QianDing007/QDClass/QDMain(首页)/QDMyPage(我的)/Controller";
			sourceTree = "<group>";
		};
		14E6CA6A1FE5119000D55DEE /* Model */ = {
			isa = PBXGroup;
			children = (
			);
			name = Model;
			path = "QianDing007/QDClass/QDMain(首页)/QDMyPage(我的)/Model";
			sourceTree = "<group>";
		};
		14E6CA6B1FE5119000D55DEE /* View */ = {
			isa = PBXGroup;
			children = (
				14E6CA6C1FE511BE00D55DEE /* CustomLabelView.h */,
				14E6CA6D1FE511BE00D55DEE /* CustomLabelView.m */,
			);
			name = View;
			path = "QianDing007/QDClass/QDMain(首页)/QDMyPage(我的)/View";
			sourceTree = "<group>";
		};
		7EA40306F99091D35277AFE5 /* Frameworks */ = {
			isa = PBXGroup;
			children = (
				697391937D9A45F48C0C43E3 /* libPods-QianDing007.a */,
			);
			name = Frameworks;
			sourceTree = "<group>";
		};
		ACA800DADD83B958E1D91658 /* Pods */ = {
			isa = PBXGroup;
			children = (
				5BBBFBDE65AFC5AE26C8F2BB /* Pods-QianDing007.debug.xcconfig */,
				B81C44ABD2E0C75D48E7F0E1 /* Pods-QianDing007.release.xcconfig */,
			);
			name = Pods;
			sourceTree = "<group>";
		};
/* End PBXGroup section */

/* Begin PBXNativeTarget section */
		14A0ACDC1FDA1D6C0095003F /* QianDing007 */ = {
			isa = PBXNativeTarget;
			buildConfigurationList = 14A0AD0A1FDA1D6D0095003F /* Build configuration list for PBXNativeTarget "QianDing007" */;
			buildPhases = (
				CB55666BB9684F30AE20BDD4 /* [CP] Check Pods Manifest.lock */,
				14A0ACD91FDA1D6C0095003F /* Sources */,
				14A0ACDA1FDA1D6C0095003F /* Frameworks */,
				14A0ACDB1FDA1D6C0095003F /* Resources */,
				584CF9C96091DCE8B02EA3D7 /* [CP] Embed Pods Frameworks */,
				816F1EB865D4C13612757DE8 /* [CP] Copy Pods Resources */,
			);
			buildRules = (
			);
			dependencies = (
			);
			name = QianDing007;
			productName = QianDing007;
			productReference = 14A0ACDD1FDA1D6C0095003F /* QianDing007.app */;
			productType = "com.apple.product-type.application";
		};
		14A0ACF51FDA1D6D0095003F /* QianDing007Tests */ = {
			isa = PBXNativeTarget;
			buildConfigurationList = 14A0AD0D1FDA1D6D0095003F /* Build configuration list for PBXNativeTarget "QianDing007Tests" */;
			buildPhases = (
				14A0ACF21FDA1D6D0095003F /* Sources */,
				14A0ACF31FDA1D6D0095003F /* Frameworks */,
				14A0ACF41FDA1D6D0095003F /* Resources */,
			);
			buildRules = (
			);
			dependencies = (
				14A0ACF81FDA1D6D0095003F /* PBXTargetDependency */,
			);
			name = QianDing007Tests;
			productName = QianDing007Tests;
			productReference = 14A0ACF61FDA1D6D0095003F /* QianDing007Tests.xctest */;
			productType = "com.apple.product-type.bundle.unit-test";
		};
		14A0AD001FDA1D6D0095003F /* QianDing007UITests */ = {
			isa = PBXNativeTarget;
			buildConfigurationList = 14A0AD101FDA1D6D0095003F /* Build configuration list for PBXNativeTarget "QianDing007UITests" */;
			buildPhases = (
				14A0ACFD1FDA1D6D0095003F /* Sources */,
				14A0ACFE1FDA1D6D0095003F /* Frameworks */,
				14A0ACFF1FDA1D6D0095003F /* Resources */,
			);
			buildRules = (
			);
			dependencies = (
				14A0AD031FDA1D6D0095003F /* PBXTargetDependency */,
			);
			name = QianDing007UITests;
			productName = QianDing007UITests;
			productReference = 14A0AD011FDA1D6D0095003F /* QianDing007UITests.xctest */;
			productType = "com.apple.product-type.bundle.ui-testing";
		};
/* End PBXNativeTarget section */

/* Begin PBXProject section */
		14A0ACD51FDA1D6C0095003F /* Project object */ = {
			isa = PBXProject;
			attributes = {
				LastUpgradeCheck = 0820;
				ORGANIZATIONNAME = "张华";
				TargetAttributes = {
					14A0ACDC1FDA1D6C0095003F = {
						CreatedOnToolsVersion = 8.2.1;
						DevelopmentTeam = J9MC53XV58;
						ProvisioningStyle = Automatic;
					};
					14A0ACF51FDA1D6D0095003F = {
						CreatedOnToolsVersion = 8.2.1;
						DevelopmentTeam = J9MC53XV58;
						ProvisioningStyle = Automatic;
						TestTargetID = 14A0ACDC1FDA1D6C0095003F;
					};
					14A0AD001FDA1D6D0095003F = {
						CreatedOnToolsVersion = 8.2.1;
						DevelopmentTeam = J9MC53XV58;
						ProvisioningStyle = Automatic;
						TestTargetID = 14A0ACDC1FDA1D6C0095003F;
					};
				};
			};
			buildConfigurationList = 14A0ACD81FDA1D6C0095003F /* Build configuration list for PBXProject "QianDing007" */;
			compatibilityVersion = "Xcode 3.2";
			developmentRegion = English;
			hasScannedForEncodings = 0;
			knownRegions = (
				en,
				Base,
			);
			mainGroup = 14A0ACD41FDA1D6C0095003F;
			productRefGroup = 14A0ACDE1FDA1D6C0095003F /* Products */;
			projectDirPath = "";
			projectRoot = "";
			targets = (
				14A0ACDC1FDA1D6C0095003F /* QianDing007 */,
				14A0ACF51FDA1D6D0095003F /* QianDing007Tests */,
				14A0AD001FDA1D6D0095003F /* QianDing007UITests */,
			);
		};
/* End PBXProject section */

/* Begin PBXResourcesBuildPhase section */
		14A0ACDB1FDA1D6C0095003F /* Resources */ = {
			isa = PBXResourcesBuildPhase;
			buildActionMask = 2147483647;
			files = (
				14A0ACF01FDA1D6C0095003F /* LaunchScreen.storyboard in Resources */,
				14A0ACED1FDA1D6C0095003F /* images.xcassets in Resources */,
				14A0ACEB1FDA1D6C0095003F /* Main.storyboard in Resources */,
			);
			runOnlyForDeploymentPostprocessing = 0;
		};
		14A0ACF41FDA1D6D0095003F /* Resources */ = {
			isa = PBXResourcesBuildPhase;
			buildActionMask = 2147483647;
			files = (
			);
			runOnlyForDeploymentPostprocessing = 0;
		};
		14A0ACFF1FDA1D6D0095003F /* Resources */ = {
			isa = PBXResourcesBuildPhase;
			buildActionMask = 2147483647;
			files = (
			);
			runOnlyForDeploymentPostprocessing = 0;
		};
/* End PBXResourcesBuildPhase section */

/* Begin PBXShellScriptBuildPhase section */
		584CF9C96091DCE8B02EA3D7 /* [CP] Embed Pods Frameworks */ = {
			isa = PBXShellScriptBuildPhase;
			buildActionMask = 2147483647;
			files = (
			);
			inputPaths = (
			);
			name = "[CP] Embed Pods Frameworks";
			outputPaths = (
			);
			runOnlyForDeploymentPostprocessing = 0;
			shellPath = /bin/sh;
			shellScript = "\"${SRCROOT}/Pods/Target Support Files/Pods-QianDing007/Pods-QianDing007-frameworks.sh\"\n";
			showEnvVarsInLog = 0;
		};
		816F1EB865D4C13612757DE8 /* [CP] Copy Pods Resources */ = {
			isa = PBXShellScriptBuildPhase;
			buildActionMask = 2147483647;
			files = (
			);
			inputPaths = (
			);
			name = "[CP] Copy Pods Resources";
			outputPaths = (
			);
			runOnlyForDeploymentPostprocessing = 0;
			shellPath = /bin/sh;
			shellScript = "\"${SRCROOT}/Pods/Target Support Files/Pods-QianDing007/Pods-QianDing007-resources.sh\"\n";
			showEnvVarsInLog = 0;
		};
		CB55666BB9684F30AE20BDD4 /* [CP] Check Pods Manifest.lock */ = {
			isa = PBXShellScriptBuildPhase;
			buildActionMask = 2147483647;
			files = (
			);
			inputPaths = (
			);
			name = "[CP] Check Pods Manifest.lock";
			outputPaths = (
			);
			runOnlyForDeploymentPostprocessing = 0;
			shellPath = /bin/sh;
			shellScript = "diff \"${PODS_ROOT}/../Podfile.lock\" \"${PODS_ROOT}/Manifest.lock\" > /dev/null\nif [[ $? != 0 ]] ; then\n    cat << EOM\nerror: The sandbox is not in sync with the Podfile.lock. Run 'pod install' or update your CocoaPods installation.\nEOM\n    exit 1\nfi\n";
			showEnvVarsInLog = 0;
		};
/* End PBXShellScriptBuildPhase section */

/* Begin PBXSourcesBuildPhase section */
		14A0ACD91FDA1D6C0095003F /* Sources */ = {
			isa = PBXSourcesBuildPhase;
			buildActionMask = 2147483647;
			files = (
				14D836D31FE7C313006ECD45 /* MoreOrderController.m in Sources */,
				14D836CF1FE7A939006ECD45 /* CustomGetCode.m in Sources */,
				14D836E21FE7DB61006ECD45 /* ForntTabelCell.m in Sources */,
				1407B4951FE112820028F341 /* CustomShowDataView.m in Sources */,
				149E8B321FDE8C660037B996 /* customTextFieldView.m in Sources */,
				14D836BF1FE76AC6006ECD45 /* CustomNewsCell.m in Sources */,
				1418F93C1FDFC87E00D3F754 /* GetPassWord.m in Sources */,
				14D836DC1FE7C68E006ECD45 /* ThirdViewController.m in Sources */,
				14D836C61FE79EC8006ECD45 /* RegisterController.m in Sources */,
				14D836CC1FE7A3FC006ECD45 /* CustomTextView.m in Sources */,
				149A56A61FE0B8BB005AEA1C /* News.m in Sources */,
				1424F6661FDE35EE00309E33 /* LoginMain.m in Sources */,
				14A0ACE81FDA1D6C0095003F /* ViewController.m in Sources */,
				14A0ACE51FDA1D6C0095003F /* AppDelegate.m in Sources */,
				14D836D61FE7C652006ECD45 /* FrontViewController.m in Sources */,
				1407B4921FE1121F0028F341 /* ReceivablesPage.m in Sources */,
				14A0ACE21FDA1D6C0095003F /* main.m in Sources */,
				149A56961FE0B869005AEA1C /* MyPage.m in Sources */,
				14E6CA6E1FE511BE00D55DEE /* CustomLabelView.m in Sources */,
				149A56AB1FE0B99F005AEA1C /* HomeController.m in Sources */,
				14D836D91FE7C664006ECD45 /* MiddleViewController.m in Sources */,
			);
			runOnlyForDeploymentPostprocessing = 0;
		};
		14A0ACF21FDA1D6D0095003F /* Sources */ = {
			isa = PBXSourcesBuildPhase;
			buildActionMask = 2147483647;
			files = (
				14A0ACFB1FDA1D6D0095003F /* QianDing007Tests.m in Sources */,
			);
			runOnlyForDeploymentPostprocessing = 0;
		};
		14A0ACFD1FDA1D6D0095003F /* Sources */ = {
			isa = PBXSourcesBuildPhase;
			buildActionMask = 2147483647;
			files = (
				14A0AD061FDA1D6D0095003F /* QianDing007UITests.m in Sources */,
			);
			runOnlyForDeploymentPostprocessing = 0;
		};
/* End PBXSourcesBuildPhase section */

/* Begin PBXTargetDependency section */
		14A0ACF81FDA1D6D0095003F /* PBXTargetDependency */ = {
			isa = PBXTargetDependency;
			target = 14A0ACDC1FDA1D6C0095003F /* QianDing007 */;
			targetProxy = 14A0ACF71FDA1D6D0095003F /* PBXContainerItemProxy */;
		};
		14A0AD031FDA1D6D0095003F /* PBXTargetDependency */ = {
			isa = PBXTargetDependency;
			target = 14A0ACDC1FDA1D6C0095003F /* QianDing007 */;
			targetProxy = 14A0AD021FDA1D6D0095003F /* PBXContainerItemProxy */;
		};
/* End PBXTargetDependency section */

/* Begin PBXVariantGroup section */
		14A0ACE91FDA1D6C0095003F /* Main.storyboard */ = {
			isa = PBXVariantGroup;
			children = (
				14A0ACEA1FDA1D6C0095003F /* Base */,
			);
			name = Main.storyboard;
			sourceTree = "<group>";
		};
		14A0ACEE1FDA1D6C0095003F /* LaunchScreen.storyboard */ = {
			isa = PBXVariantGroup;
			children = (
				14A0ACEF1FDA1D6C0095003F /* Base */,
			);
			name = LaunchScreen.storyboard;
			sourceTree = "<group>";
		};
/* End PBXVariantGroup section */

/* Begin XCBuildConfiguration section */
		14A0AD081FDA1D6D0095003F /* Debug */ = {
			isa = XCBuildConfiguration;
			buildSettings = {
				ALWAYS_SEARCH_USER_PATHS = NO;
				CLANG_ANALYZER_NONNULL = YES;
				CLANG_CXX_LANGUAGE_STANDARD = "gnu++0x";
				CLANG_CXX_LIBRARY = "libc++";
				CLANG_ENABLE_MODULES = YES;
				CLANG_ENABLE_OBJC_ARC = YES;
				CLANG_WARN_BOOL_CONVERSION = YES;
				CLANG_WARN_CONSTANT_CONVERSION = YES;
				CLANG_WARN_DIRECT_OBJC_ISA_USAGE = YES_ERROR;
				CLANG_WARN_DOCUMENTATION_COMMENTS = YES;
				CLANG_WARN_EMPTY_BODY = YES;
				CLANG_WARN_ENUM_CONVERSION = YES;
				CLANG_WARN_INFINITE_RECURSION = YES;
				CLANG_WARN_INT_CONVERSION = YES;
				CLANG_WARN_OBJC_ROOT_CLASS = YES_ERROR;
				CLANG_WARN_SUSPICIOUS_MOVE = YES;
				CLANG_WARN_UNREACHABLE_CODE = YES;
				CLANG_WARN__DUPLICATE_METHOD_MATCH = YES;
				"CODE_SIGN_IDENTITY[sdk=iphoneos*]" = "iPhone Developer";
				COPY_PHASE_STRIP = NO;
				DEBUG_INFORMATION_FORMAT = dwarf;
				ENABLE_STRICT_OBJC_MSGSEND = YES;
				ENABLE_TESTABILITY = YES;
				GCC_C_LANGUAGE_STANDARD = gnu99;
				GCC_DYNAMIC_NO_PIC = NO;
				GCC_NO_COMMON_BLOCKS = YES;
				GCC_OPTIMIZATION_LEVEL = 0;
				GCC_PREPROCESSOR_DEFINITIONS = (
					"DEBUG=1",
					"$(inherited)",
				);
				GCC_WARN_64_TO_32_BIT_CONVERSION = YES;
				GCC_WARN_ABOUT_RETURN_TYPE = YES_ERROR;
				GCC_WARN_UNDECLARED_SELECTOR = YES;
				GCC_WARN_UNINITIALIZED_AUTOS = YES_AGGRESSIVE;
				GCC_WARN_UNUSED_FUNCTION = YES;
				GCC_WARN_UNUSED_VARIABLE = YES;
				IPHONEOS_DEPLOYMENT_TARGET = 10.2;
				MTL_ENABLE_DEBUG_INFO = YES;
				ONLY_ACTIVE_ARCH = YES;
				SDKROOT = iphoneos;
			};
			name = Debug;
		};
		14A0AD091FDA1D6D0095003F /* Release */ = {
			isa = XCBuildConfiguration;
			buildSettings = {
				ALWAYS_SEARCH_USER_PATHS = NO;
				CLANG_ANALYZER_NONNULL = YES;
				CLANG_CXX_LANGUAGE_STANDARD = "gnu++0x";
				CLANG_CXX_LIBRARY = "libc++";
				CLANG_ENABLE_MODULES = YES;
				CLANG_ENABLE_OBJC_ARC = YES;
				CLANG_WARN_BOOL_CONVERSION = YES;
				CLANG_WARN_CONSTANT_CONVERSION = YES;
				CLANG_WARN_DIRECT_OBJC_ISA_USAGE = YES_ERROR;
				CLANG_WARN_DOCUMENTATION_COMMENTS = YES;
				CLANG_WARN_EMPTY_BODY = YES;
				CLANG_WARN_ENUM_CONVERSION = YES;
				CLANG_WARN_INFINITE_RECURSION = YES;
				CLANG_WARN_INT_CONVERSION = YES;
				CLANG_WARN_OBJC_ROOT_CLASS = YES_ERROR;
				CLANG_WARN_SUSPICIOUS_MOVE = YES;
				CLANG_WARN_UNREACHABLE_CODE = YES;
				CLANG_WARN__DUPLICATE_METHOD_MATCH = YES;
				"CODE_SIGN_IDENTITY[sdk=iphoneos*]" = "iPhone Developer";
				COPY_PHASE_STRIP = NO;
				DEBUG_INFORMATION_FORMAT = "dwarf-with-dsym";
				ENABLE_NS_ASSERTIONS = NO;
				ENABLE_STRICT_OBJC_MSGSEND = YES;
				GCC_C_LANGUAGE_STANDARD = gnu99;
				GCC_NO_COMMON_BLOCKS = YES;
				GCC_WARN_64_TO_32_BIT_CONVERSION = YES;
				GCC_WARN_ABOUT_RETURN_TYPE = YES_ERROR;
				GCC_WARN_UNDECLARED_SELECTOR = YES;
				GCC_WARN_UNINITIALIZED_AUTOS = YES_AGGRESSIVE;
				GCC_WARN_UNUSED_FUNCTION = YES;
				GCC_WARN_UNUSED_VARIABLE = YES;
				IPHONEOS_DEPLOYMENT_TARGET = 10.2;
				MTL_ENABLE_DEBUG_INFO = NO;
				SDKROOT = iphoneos;
				VALIDATE_PRODUCT = YES;
			};
			name = Release;
		};
		14A0AD0B1FDA1D6D0095003F /* Debug */ = {
			isa = XCBuildConfiguration;
			baseConfigurationReference = 5BBBFBDE65AFC5AE26C8F2BB /* Pods-QianDing007.debug.xcconfig */;
			buildSettings = {
				ASSETCATALOG_COMPILER_APPICON_NAME = AppIcon;
				DEVELOPMENT_TEAM = J9MC53XV58;
				GCC_PREFIX_HEADER = "$(SRCROOT)/QianDing007/QDFirstBloodpch.pch";
				INFOPLIST_FILE = QianDing007/Info.plist;
				IPHONEOS_DEPLOYMENT_TARGET = 8.1;
				LD_RUNPATH_SEARCH_PATHS = "$(inherited) @executable_path/Frameworks";
				PRODUCT_BUNDLE_IDENTIFIER = cn.zhanghua.mac.QianDing007;
				PRODUCT_NAME = "$(TARGET_NAME)";
				TARGETED_DEVICE_FAMILY = 1;
			};
			name = Debug;
		};
		14A0AD0C1FDA1D6D0095003F /* Release */ = {
			isa = XCBuildConfiguration;
			baseConfigurationReference = B81C44ABD2E0C75D48E7F0E1 /* Pods-QianDing007.release.xcconfig */;
			buildSettings = {
				ASSETCATALOG_COMPILER_APPICON_NAME = AppIcon;
				DEVELOPMENT_TEAM = J9MC53XV58;
				GCC_PREFIX_HEADER = "$(SRCROOT)/QianDing007/QDFirstBloodpch.pch";
				INFOPLIST_FILE = QianDing007/Info.plist;
				IPHONEOS_DEPLOYMENT_TARGET = 8.1;
				LD_RUNPATH_SEARCH_PATHS = "$(inherited) @executable_path/Frameworks";
				PRODUCT_BUNDLE_IDENTIFIER = cn.zhanghua.mac.QianDing007;
				PRODUCT_NAME = "$(TARGET_NAME)";
				TARGETED_DEVICE_FAMILY = 1;
			};
			name = Release;
		};
		14A0AD0E1FDA1D6D0095003F /* Debug */ = {
			isa = XCBuildConfiguration;
			buildSettings = {
				BUNDLE_LOADER = "$(TEST_HOST)";
				DEVELOPMENT_TEAM = J9MC53XV58;
				INFOPLIST_FILE = QianDing007Tests/Info.plist;
				LD_RUNPATH_SEARCH_PATHS = "$(inherited) @executable_path/Frameworks @loader_path/Frameworks";
				PRODUCT_BUNDLE_IDENTIFIER = cn.zhanghua.mac.QianDing007Tests;
				PRODUCT_NAME = "$(TARGET_NAME)";
				TEST_HOST = "$(BUILT_PRODUCTS_DIR)/QianDing007.app/QianDing007";
			};
			name = Debug;
		};
		14A0AD0F1FDA1D6D0095003F /* Release */ = {
			isa = XCBuildConfiguration;
			buildSettings = {
				BUNDLE_LOADER = "$(TEST_HOST)";
				DEVELOPMENT_TEAM = J9MC53XV58;
				INFOPLIST_FILE = QianDing007Tests/Info.plist;
				LD_RUNPATH_SEARCH_PATHS = "$(inherited) @executable_path/Frameworks @loader_path/Frameworks";
				PRODUCT_BUNDLE_IDENTIFIER = cn.zhanghua.mac.QianDing007Tests;
				PRODUCT_NAME = "$(TARGET_NAME)";
				TEST_HOST = "$(BUILT_PRODUCTS_DIR)/QianDing007.app/QianDing007";
			};
			name = Release;
		};
		14A0AD111FDA1D6D0095003F /* Debug */ = {
			isa = XCBuildConfiguration;
			buildSettings = {
				DEVELOPMENT_TEAM = J9MC53XV58;
				INFOPLIST_FILE = QianDing007UITests/Info.plist;
				LD_RUNPATH_SEARCH_PATHS = "$(inherited) @executable_path/Frameworks @loader_path/Frameworks";
				PRODUCT_BUNDLE_IDENTIFIER = cn.zhanghua.mac.QianDing007UITests;
				PRODUCT_NAME = "$(TARGET_NAME)";
				TEST_TARGET_NAME = QianDing007;
			};
			name = Debug;
		};
		14A0AD121FDA1D6D0095003F /* Release */ = {
			isa = XCBuildConfiguration;
			buildSettings = {
				DEVELOPMENT_TEAM = J9MC53XV58;
				INFOPLIST_FILE = QianDing007UITests/Info.plist;
				LD_RUNPATH_SEARCH_PATHS = "$(inherited) @executable_path/Frameworks @loader_path/Frameworks";
				PRODUCT_BUNDLE_IDENTIFIER = cn.zhanghua.mac.QianDing007UITests;
				PRODUCT_NAME = "$(TARGET_NAME)";
				TEST_TARGET_NAME = QianDing007;
			};
			name = Release;
		};
/* End XCBuildConfiguration section */

/* Begin XCConfigurationList section */
		14A0ACD81FDA1D6C0095003F /* Build configuration list for PBXProject "QianDing007" */ = {
			isa = XCConfigurationList;
			buildConfigurations = (
				14A0AD081FDA1D6D0095003F /* Debug */,
				14A0AD091FDA1D6D0095003F /* Release */,
			);
			defaultConfigurationIsVisible = 0;
			defaultConfigurationName = Release;
		};
		14A0AD0A1FDA1D6D0095003F /* Build configuration list for PBXNativeTarget "QianDing007" */ = {
			isa = XCConfigurationList;
			buildConfigurations = (
				14A0AD0B1FDA1D6D0095003F /* Debug */,
				14A0AD0C1FDA1D6D0095003F /* Release */,
			);
			defaultConfigurationIsVisible = 0;
			defaultConfigurationName = Release;
		};
		14A0AD0D1FDA1D6D0095003F /* Build configuration list for PBXNativeTarget "QianDing007Tests" */ = {
			isa = XCConfigurationList;
			buildConfigurations = (
				14A0AD0E1FDA1D6D0095003F /* Debug */,
				14A0AD0F1FDA1D6D0095003F /* Release */,
			);
			defaultConfigurationIsVisible = 0;
			defaultConfigurationName = Release;
		};
		14A0AD101FDA1D6D0095003F /* Build configuration list for PBXNativeTarget "QianDing007UITests" */ = {
			isa = XCConfigurationList;
			buildConfigurations = (
				14A0AD111FDA1D6D0095003F /* Debug */,
				14A0AD121FDA1D6D0095003F /* Release */,
			);
			defaultConfigurationIsVisible = 0;
			defaultConfigurationName = Release;
		};
/* End XCConfigurationList section */
	};
	rootObject = 14A0ACD51FDA1D6C0095003F /* Project object */;
}
